// !$*UTF8*$!
{
	archiveVersion = 1;
	classes = {
	};
	objectVersion = 48;
	objects = {

/* Begin PBXBuildFile section */
		A8E82B771FD9B3B4006983D8 /* AppDelegate.swift in Sources */ = {isa = PBXBuildFile; fileRef = A8E82B761FD9B3B4006983D8 /* AppDelegate.swift */; };
		A8E82B791FD9B3B4006983D8 /* ViewController.swift in Sources */ = {isa = PBXBuildFile; fileRef = A8E82B781FD9B3B4006983D8 /* ViewController.swift */; };
		A8E82B7C1FD9B3B4006983D8 /* Main.storyboard in Resources */ = {isa = PBXBuildFile; fileRef = A8E82B7A1FD9B3B4006983D8 /* Main.storyboard */; };
		A8E82B7E1FD9B3B4006983D8 /* Assets.xcassets in Resources */ = {isa = PBXBuildFile; fileRef = A8E82B7D1FD9B3B4006983D8 /* Assets.xcassets */; };
		A8E82B811FD9B3B4006983D8 /* LaunchScreen.storyboard in Resources */ = {isa = PBXBuildFile; fileRef = A8E82B7F1FD9B3B4006983D8 /* LaunchScreen.storyboard */; };
		A8E82B8C1FD9B3B4006983D8 /* gitDemoTests.swift in Sources */ = {isa = PBXBuildFile; fileRef = A8E82B8B1FD9B3B4006983D8 /* gitDemoTests.swift */; };
		A8E82B971FD9B3B4006983D8 /* gitDemoUITests.swift in Sources */ = {isa = PBXBuildFile; fileRef = A8E82B961FD9B3B4006983D8 /* gitDemoUITests.swift */; };
/* End PBXBuildFile section */

/* Begin PBXContainerItemProxy section */
		A8E82B881FD9B3B4006983D8 /* PBXContainerItemProxy */ = {
			isa = PBXContainerItemProxy;
			containerPortal = A8E82B6B1FD9B3B4006983D8 /* Project object */;
			proxyType = 1;
			remoteGlobalIDString = A8E82B721FD9B3B4006983D8;
			remoteInfo = gitDemo;
		};
		A8E82B931FD9B3B4006983D8 /* PBXContainerItemProxy */ = {
			isa = PBXContainerItemProxy;
			containerPortal = A8E82B6B1FD9B3B4006983D8 /* Project object */;
			proxyType = 1;
			remoteGlobalIDString = A8E82B721FD9B3B4006983D8;
			remoteInfo = gitDemo;
		};
/* End PBXContainerItemProxy section */

/* Begin PBXFileReference section */
		A8E82B731FD9B3B4006983D8 /* gitDemo.app */ = {isa = PBXFileReference; explicitFileType = wrapper.application; includeInIndex = 0; path = gitDemo.app; sourceTree = BUILT_PRODUCTS_DIR; };
		A8E82B761FD9B3B4006983D8 /* AppDelegate.swift */ = {isa = PBXFileReference; lastKnownFileType = sourcecode.swift; path = AppDelegate.swift; sourceTree = "<group>"; };
		A8E82B781FD9B3B4006983D8 /* ViewController.swift */ = {isa = PBXFileReference; lastKnownFileType = sourcecode.swift; path = ViewController.swift; sourceTree = "<group>"; };
		A8E82B7B1FD9B3B4006983D8 /* Base */ = {isa = PBXFileReference; lastKnownFileType = file.storyboard; name = Base; path = Base.lproj/Main.storyboard; sourceTree = "<group>"; };
		A8E82B7D1FD9B3B4006983D8 /* Assets.xcassets */ = {isa = PBXFileReference; lastKnownFileType = folder.assetcatalog; path = Assets.xcassets; sourceTree = "<group>"; };
		A8E82B801FD9B3B4006983D8 /* Base */ = {isa = PBXFileReference; lastKnownFileType = file.storyboard; name = Base; path = Base.lproj/LaunchScreen.storyboard; sourceTree = "<group>"; };
		A8E82B821FD9B3B4006983D8 /* Info.plist */ = {isa = PBXFileReference; lastKnownFileType = text.plist.xml; path = Info.plist; sourceTree = "<group>"; };
		A8E82B871FD9B3B4006983D8 /* gitDemoTests.xctest */ = {isa = PBXFileReference; explicitFileType = wrapper.cfbundle; includeInIndex = 0; path = gitDemoTests.xctest; sourceTree = BUILT_PRODUCTS_DIR; };
		A8E82B8B1FD9B3B4006983D8 /* gitDemoTests.swift */ = {isa = PBXFileReference; lastKnownFileType = sourcecode.swift; path = gitDemoTests.swift; sourceTree = "<group>"; };
		A8E82B8D1FD9B3B4006983D8 /* Info.plist */ = {isa = PBXFileReference; lastKnownFileType = text.plist.xml; path = Info.plist; sourceTree = "<group>"; };
		A8E82B921FD9B3B4006983D8 /* gitDemoUITests.xctest */ = {isa = PBXFileReference; explicitFileType = wrapper.cfbundle; includeInIndex = 0; path = gitDemoUITests.xctest; sourceTree = BUILT_PRODUCTS_DIR; };
		A8E82B961FD9B3B4006983D8 /* gitDemoUITests.swift */ = {isa = PBXFileReference; lastKnownFileType = sourcecode.swift; path = gitDemoUITests.swift; sourceTree = "<group>"; };
		A8E82B981FD9B3B4006983D8 /* Info.plist */ = {isa = PBXFileReference; lastKnownFileType = text.plist.xml; path = Info.plist; sourceTree = "<group>"; };
/* End PBXFileReference section */

/* Begin PBXFrameworksBuildPhase section */
		A8E82B701FD9B3B4006983D8 /* Frameworks */ = {
			isa = PBXFrameworksBuildPhase;
			buildActionMask = 2147483647;
			files = (
			);
			runOnlyForDeploymentPostprocessing = 0;
		};
		A8E82B841FD9B3B4006983D8 /* Frameworks */ = {
			isa = PBXFrameworksBuildPhase;
			buildActionMask = 2147483647;
			files = (
			);
			runOnlyForDeploymentPostprocessing = 0;
		};
		A8E82B8F1FD9B3B4006983D8 /* Frameworks */ = {
			isa = PBXFrameworksBuildPhase;
			buildActionMask = 2147483647;
			files = (
			);
			runOnlyForDeploymentPostprocessing = 0;
		};
/* End PBXFrameworksBuildPhase section */

/* Begin PBXGroup section */
		A8E82B6A1FD9B3B4006983D8 = {
			isa = PBXGroup;
			children = (
				A8E82B751FD9B3B4006983D8 /* gitDemo */,
				A8E82B8A1FD9B3B4006983D8 /* gitDemoTests */,
				A8E82B951FD9B3B4006983D8 /* gitDemoUITests */,
				A8E82B741FD9B3B4006983D8 /* Products */,
			);
			sourceTree = "<group>";
		};
		A8E82B741FD9B3B4006983D8 /* Products */ = {
			isa = PBXGroup;
			children = (
				A8E82B731FD9B3B4006983D8 /* gitDemo.app */,
				A8E82B871FD9B3B4006983D8 /* gitDemoTests.xctest */,
				A8E82B921FD9B3B4006983D8 /* gitDemoUITests.xctest */,
			);
			name = Products;
			sourceTree = "<group>";
		};
		A8E82B751FD9B3B4006983D8 /* gitDemo */ = {
			isa = PBXGroup;
			children = (
				A8E82B761FD9B3B4006983D8 /* AppDelegate.swift */,
				A8E82B781FD9B3B4006983D8 /* ViewController.swift */,
				A8E82B7A1FD9B3B4006983D8 /* Main.storyboard */,
				A8E82B7D1FD9B3B4006983D8 /* Assets.xcassets */,
				A8E82B7F1FD9B3B4006983D8 /* LaunchScreen.storyboard */,
				A8E82B821FD9B3B4006983D8 /* Info.plist */,
			);
			path = gitDemo;
			sourceTree = "<group>";
		};
		A8E82B8A1FD9B3B4006983D8 /* gitDemoTests */ = {
			isa = PBXGroup;
			children = (
				A8E82B8B1FD9B3B4006983D8 /* gitDemoTests.swift */,
				A8E82B8D1FD9B3B4006983D8 /* Info.plist */,
			);
			path = gitDemoTests;
			sourceTree = "<group>";
		};
		A8E82B951FD9B3B4006983D8 /* gitDemoUITests */ = {
			isa = PBXGroup;
			children = (
				A8E82B961FD9B3B4006983D8 /* gitDemoUITests.swift */,
				A8E82B981FD9B3B4006983D8 /* Info.plist */,
			);
			path = gitDemoUITests;
			sourceTree = "<group>";
		};
/* End PBXGroup section */

/* Begin PBXNativeTarget section */
		A8E82B721FD9B3B4006983D8 /* gitDemo */ = {
			isa = PBXNativeTarget;
			buildConfigurationList = A8E82B9B1FD9B3B4006983D8 /* Build configuration list for PBXNativeTarget "gitDemo" */;
			buildPhases = (
				A8E82B6F1FD9B3B4006983D8 /* Sources */,
				A8E82B701FD9B3B4006983D8 /* Frameworks */,
				A8E82B711FD9B3B4006983D8 /* Resources */,
			);
			buildRules = (
			);
			dependencies = (
			);
			name = gitDemo;
			productName = gitDemo;
			productReference = A8E82B731FD9B3B4006983D8 /* gitDemo.app */;
			productType = "com.apple.product-type.application";
		};
		A8E82B861FD9B3B4006983D8 /* gitDemoTests */ = {
			isa = PBXNativeTarget;
			buildConfigurationList = A8E82B9E1FD9B3B4006983D8 /* Build configuration list for PBXNativeTarget "gitDemoTests" */;
			buildPhases = (
				A8E82B831FD9B3B4006983D8 /* Sources */,
				A8E82B841FD9B3B4006983D8 /* Frameworks */,
				A8E82B851FD9B3B4006983D8 /* Resources */,
			);
			buildRules = (
			);
			dependencies = (
				A8E82B891FD9B3B4006983D8 /* PBXTargetDependency */,
			);
			name = gitDemoTests;
			productName = gitDemoTests;
			productReference = A8E82B871FD9B3B4006983D8 /* gitDemoTests.xctest */;
			productType = "com.apple.product-type.bundle.unit-test";
		};
		A8E82B911FD9B3B4006983D8 /* gitDemoUITests */ = {
			isa = PBXNativeTarget;
			buildConfigurationList = A8E82BA11FD9B3B4006983D8 /* Build configuration list for PBXNativeTarget "gitDemoUITests" */;
			buildPhases = (
				A8E82B8E1FD9B3B4006983D8 /* Sources */,
				A8E82B8F1FD9B3B4006983D8 /* Frameworks */,
				A8E82B901FD9B3B4006983D8 /* Resources */,
			);
			buildRules = (
			);
			dependencies = (
				A8E82B941FD9B3B4006983D8 /* PBXTargetDependency */,
			);
			name = gitDemoUITests;
			productName = gitDemoUITests;
			productReference = A8E82B921FD9B3B4006983D8 /* gitDemoUITests.xctest */;
			productType = "com.apple.product-type.bundle.ui-testing";
		};
/* End PBXNativeTarget section */

/* Begin PBXProject section */
		A8E82B6B1FD9B3B4006983D8 /* Project object */ = {
			isa = PBXProject;
			attributes = {
				LastSwiftUpdateCheck = 0920;
				LastUpgradeCheck = 0920;
				ORGANIZATIONNAME = "Andreas Thorsen";
				TargetAttributes = {
					A8E82B721FD9B3B4006983D8 = {
						CreatedOnToolsVersion = 9.2;
						ProvisioningStyle = Automatic;
					};
					A8E82B861FD9B3B4006983D8 = {
						CreatedOnToolsVersion = 9.2;
						ProvisioningStyle = Automatic;
						TestTargetID = A8E82B721FD9B3B4006983D8;
					};
					A8E82B911FD9B3B4006983D8 = {
						CreatedOnToolsVersion = 9.2;
						ProvisioningStyle = Automatic;
						TestTargetID = A8E82B721FD9B3B4006983D8;
					};
				};
			};
			buildConfigurationList = A8E82B6E1FD9B3B4006983D8 /* Build configuration list for PBXProject "gitDemo" */;
			compatibilityVersion = "Xcode 8.0";
			developmentRegion = en;
			hasScannedForEncodings = 0;
			knownRegions = (
				en,
				Base,
			);
			mainGroup = A8E82B6A1FD9B3B4006983D8;
			productRefGroup = A8E82B741FD9B3B4006983D8 /* Products */;
			projectDirPath = "";
			projectRoot = "";
			targets = (
				A8E82B721FD9B3B4006983D8 /* gitDemo */,
				A8E82B861FD9B3B4006983D8 /* gitDemoTests */,
				A8E82B911FD9B3B4006983D8 /* gitDemoUITests */,
			);
		};
/* End PBXProject section */

/* Begin PBXResourcesBuildPhase section */
		A8E82B711FD9B3B4006983D8 /* Resources */ = {
			isa = PBXResourcesBuildPhase;
			buildActionMask = 2147483647;
			files = (
				A8E82B811FD9B3B4006983D8 /* LaunchScreen.storyboard in Resources */,
				A8E82B7E1FD9B3B4006983D8 /* Assets.xcassets in Resources */,
				A8E82B7C1FD9B3B4006983D8 /* Main.storyboard in Resources */,
			);
			runOnlyForDeploymentPostprocessing = 0;
		};
		A8E82B851FD9B3B4006983D8 /* Resources */ = {
			isa = PBXResourcesBuildPhase;
			buildActionMask = 2147483647;
			files = (
			);
			runOnlyForDeploymentPostprocessing = 0;
		};
		A8E82B901FD9B3B4006983D8 /* Resources */ = {
			isa = PBXResourcesBuildPhase;
			buildActionMask = 2147483647;
			files = (
			);
			runOnlyForDeploymentPostprocessing = 0;
		};
/* End PBXResourcesBuildPhase section */

/* Begin PBXSourcesBuildPhase section */
		A8E82B6F1FD9B3B4006983D8 /* Sources */ = {
			isa = PBXSourcesBuildPhase;
			buildActionMask = 2147483647;
			files = (
				A8E82B791FD9B3B4006983D8 /* ViewController.swift in Sources */,
				A8E82B771FD9B3B4006983D8 /* AppDelegate.swift in Sources */,
			);
			runOnlyForDeploymentPostprocessing = 0;
		};
		A8E82B831FD9B3B4006983D8 /* Sources */ = {
			isa = PBXSourcesBuildPhase;
			buildActionMask = 2147483647;
			files = (
				A8E82B8C1FD9B3B4006983D8 /* gitDemoTests.swift in Sources */,
			);
			runOnlyForDeploymentPostprocessing = 0;
		};
		A8E82B8E1FD9B3B4006983D8 /* Sources */ = {
			isa = PBXSourcesBuildPhase;
			buildActionMask = 2147483647;
			files = (
				A8E82B971FD9B3B4006983D8 /* gitDemoUITests.swift in Sources */,
			);
			runOnlyForDeploymentPostprocessing = 0;
		};
/* End PBXSourcesBuildPhase section */

/* Begin PBXTargetDependency section */
		A8E82B891FD9B3B4006983D8 /* PBXTargetDependency */ = {
			isa = PBXTargetDependency;
			target = A8E82B721FD9B3B4006983D8 /* gitDemo */;
			targetProxy = A8E82B881FD9B3B4006983D8 /* PBXContainerItemProxy */;
		};
		A8E82B941FD9B3B4006983D8 /* PBXTargetDependency */ = {
			isa = PBXTargetDependency;
			target = A8E82B721FD9B3B4006983D8 /* gitDemo */;
			targetProxy = A8E82B931FD9B3B4006983D8 /* PBXContainerItemProxy */;
		};
/* End PBXTargetDependency section */

/* Begin PBXVariantGroup section */
		A8E82B7A1FD9B3B4006983D8 /* Main.storyboard */ = {
			isa = PBXVariantGroup;
			children = (
				A8E82B7B1FD9B3B4006983D8 /* Base */,
			);
			name = Main.storyboard;
			sourceTree = "<group>";
		};
		A8E82B7F1FD9B3B4006983D8 /* LaunchScreen.storyboard */ = {
			isa = PBXVariantGroup;
			children = (
				A8E82B801FD9B3B4006983D8 /* Base */,
			);
			name = LaunchScreen.storyboard;
			sourceTree = "<group>";
		};
/* End PBXVariantGroup section */

/* Begin XCBuildConfiguration section */
		A8E82B991FD9B3B4006983D8 /* Debug */ = {
			isa = XCBuildConfiguration;
			buildSettings = {
				ALWAYS_SEARCH_USER_PATHS = NO;
				CLANG_ANALYZER_NONNULL = YES;
				CLANG_ANALYZER_NUMBER_OBJECT_CONVERSION = YES_AGGRESSIVE;
				CLANG_CXX_LANGUAGE_STANDARD = "gnu++14";
				CLANG_CXX_LIBRARY = "libc++";
				CLANG_ENABLE_MODULES = YES;
				CLANG_ENABLE_OBJC_ARC = YES;
				CLANG_WARN_BLOCK_CAPTURE_AUTORELEASING = YES;
				CLANG_WARN_BOOL_CONVERSION = YES;
				CLANG_WARN_COMMA = YES;
				CLANG_WARN_CONSTANT_CONVERSION = YES;
				CLANG_WARN_DIRECT_OBJC_ISA_USAGE = YES_ERROR;
				CLANG_WARN_DOCUMENTATION_COMMENTS = YES;
				CLANG_WARN_EMPTY_BODY = YES;
				CLANG_WARN_ENUM_CONVERSION = YES;
				CLANG_WARN_INFINITE_RECURSION = YES;
				CLANG_WARN_INT_CONVERSION = YES;
				CLANG_WARN_NON_LITERAL_NULL_CONVERSION = YES;
				CLANG_WARN_OBJC_LITERAL_CONVERSION = YES;
				CLANG_WARN_OBJC_ROOT_CLASS = YES_ERROR;
				CLANG_WARN_RANGE_LOOP_ANALYSIS = YES;
				CLANG_WARN_STRICT_PROTOTYPES = YES;
				CLANG_WARN_SUSPICIOUS_MOVE = YES;
				CLANG_WARN_UNGUARDED_AVAILABILITY = YES_AGGRESSIVE;
				CLANG_WARN_UNREACHABLE_CODE = YES;
				CLANG_WARN__DUPLICATE_METHOD_MATCH = YES;
				CODE_SIGN_IDENTITY = "iPhone Developer";
				COPY_PHASE_STRIP = NO;
				DEBUG_INFORMATION_FORMAT = dwarf;
				ENABLE_STRICT_OBJC_MSGSEND = YES;
				ENABLE_TESTABILITY = YES;
				GCC_C_LANGUAGE_STANDARD = gnu11;
				GCC_DYNAMIC_NO_PIC = NO;
				GCC_NO_COMMON_BLOCKS = YES;
				GCC_OPTIMIZATION_LEVEL = 0;
				GCC_PREPROCESSOR_DEFINITIONS = (
					"DEBUG=1",
					"$(inherited)",
				);
				GCC_WARN_64_TO_32_BIT_CONVERSION = YES;
				GCC_WARN_ABOUT_RETURN_TYPE = YES_ERROR;
				GCC_WARN_UNDECLARED_SELECTOR = YES;
				GCC_WARN_UNINITIALIZED_AUTOS = YES_AGGRESSIVE;
				GCC_WARN_UNUSED_FUNCTION = YES;
				GCC_WARN_UNUSED_VARIABLE = YES;
				IPHONEOS_DEPLOYMENT_TARGET = 11.2;
				MTL_ENABLE_DEBUG_INFO = YES;
				ONLY_ACTIVE_ARCH = YES;
				SDKROOT = iphoneos;
				SWIFT_ACTIVE_COMPILATION_CONDITIONS = DEBUG;
				SWIFT_OPTIMIZATION_LEVEL = "-Onone";
			};
			name = Debug;
		};
		A8E82B9A1FD9B3B4006983D8 /* Release */ = {
			isa = XCBuildConfiguration;
			buildSettings = {
				ALWAYS_SEARCH_USER_PATHS = NO;
				CLANG_ANALYZER_NONNULL = YES;
				CLANG_ANALYZER_NUMBER_OBJECT_CONVERSION = YES_AGGRESSIVE;
				CLANG_CXX_LANGUAGE_STANDARD = "gnu++14";
				CLANG_CXX_LIBRARY = "libc++";
				CLANG_ENABLE_MODULES = YES;
				CLANG_ENABLE_OBJC_ARC = YES;
				CLANG_WARN_BLOCK_CAPTURE_AUTORELEASING = YES;
				CLANG_WARN_BOOL_CONVERSION = YES;
				CLANG_WARN_COMMA = YES;
				CLANG_WARN_CONSTANT_CONVERSION = YES;
				CLANG_WARN_DIRECT_OBJC_ISA_USAGE = YES_ERROR;
				CLANG_WARN_DOCUMENTATION_COMMENTS = YES;
				CLANG_WARN_EMPTY_BODY = YES;
				CLANG_WARN_ENUM_CONVERSION = YES;
				CLANG_WARN_INFINITE_RECURSION = YES;
				CLANG_WARN_INT_CONVERSION = YES;
				CLANG_WARN_NON_LITERAL_NULL_CONVERSION = YES;
				CLANG_WARN_OBJC_LITERAL_CONVERSION = YES;
				CLANG_WARN_OBJC_ROOT_CLASS = YES_ERROR;
				CLANG_WARN_RANGE_LOOP_ANALYSIS = YES;
				CLANG_WARN_STRICT_PROTOTYPES = YES;
				CLANG_WARN_SUSPICIOUS_MOVE = YES;
				CLANG_WARN_UNGUARDED_AVAILABILITY = YES_AGGRESSIVE;
				CLANG_WARN_UNREACHABLE_CODE = YES;
				CLANG_WARN__DUPLICATE_METHOD_MATCH = YES;
				CODE_SIGN_IDENTITY = "iPhone Developer";
				COPY_PHASE_STRIP = NO;
				DEBUG_INFORMATION_FORMAT = "dwarf-with-dsym";
				ENABLE_NS_ASSERTIONS = NO;
				ENABLE_STRICT_OBJC_MSGSEND = YES;
				GCC_C_LANGUAGE_STANDARD = gnu11;
				GCC_NO_COMMON_BLOCKS = YES;
				GCC_WARN_64_TO_32_BIT_CONVERSION = YES;
				GCC_WARN_ABOUT_RETURN_TYPE = YES_ERROR;
				GCC_WARN_UNDECLARED_SELECTOR = YES;
				GCC_WARN_UNINITIALIZED_AUTOS = YES_AGGRESSIVE;
				GCC_WARN_UNUSED_FUNCTION = YES;
				GCC_WARN_UNUSED_VARIABLE = YES;
				IPHONEOS_DEPLOYMENT_TARGET = 11.2;
				MTL_ENABLE_DEBUG_INFO = NO;
				SDKROOT = iphoneos;
				SWIFT_OPTIMIZATION_LEVEL = "-Owholemodule";
				VALIDATE_PRODUCT = YES;
			};
			name = Release;
		};
		A8E82B9C1FD9B3B4006983D8 /* Debug */ = {
			isa = XCBuildConfiguration;
			buildSettings = {
				ASSETCATALOG_COMPILER_APPICON_NAME = AppIcon;
				CODE_SIGN_STYLE = Automatic;
				INFOPLIST_FILE = gitDemo/Info.plist;
				LD_RUNPATH_SEARCH_PATHS = "$(inherited) @executable_path/Frameworks";
				PRODUCT_BUNDLE_IDENTIFIER = com.DreIndustries.gitDemo;
				PRODUCT_NAME = "$(TARGET_NAME)";
				SWIFT_VERSION = 4.0;
				TARGETED_DEVICE_FAMILY = "1,2";
			};
			name = Debug;
		};
		A8E82B9D1FD9B3B4006983D8 /* Release */ = {
			isa = XCBuildConfiguration;
			buildSettings = {
				ASSETCATALOG_COMPILER_APPICON_NAME = AppIcon;
				CODE_SIGN_STYLE = Automatic;
				INFOPLIST_FILE = gitDemo/Info.plist;
				LD_RUNPATH_SEARCH_PATHS = "$(inherited) @executable_path/Frameworks";
				PRODUCT_BUNDLE_IDENTIFIER = com.DreIndustries.gitDemo;
				PRODUCT_NAME = "$(TARGET_NAME)";
				SWIFT_VERSION = 4.0;
				TARGETED_DEVICE_FAMILY = "1,2";
			};
			name = Release;
		};
		A8E82B9F1FD9B3B4006983D8 /* Debug */ = {
			isa = XCBuildConfiguration;
			buildSettings = {
				ALWAYS_EMBED_SWIFT_STANDARD_LIBRARIES = YES;
				BUNDLE_LOADER = "$(TEST_HOST)";
				CODE_SIGN_STYLE = Automatic;
				INFOPLIST_FILE = gitDemoTests/Info.plist;
				LD_RUNPATH_SEARCH_PATHS = "$(inherited) @executable_path/Frameworks @loader_path/Frameworks";
				PRODUCT_BUNDLE_IDENTIFIER = com.DreIndustries.gitDemoTests;
				PRODUCT_NAME = "$(TARGET_NAME)";
				SWIFT_VERSION = 4.0;
				TARGETED_DEVICE_FAMILY = "1,2";
				TEST_HOST = "$(BUILT_PRODUCTS_DIR)/gitDemo.app/gitDemo";
			};
			name = Debug;
		};
		A8E82BA01FD9B3B4006983D8 /* Release */ = {
			isa = XCBuildConfiguration;
			buildSettings = {
				ALWAYS_EMBED_SWIFT_STANDARD_LIBRARIES = YES;
				BUNDLE_LOADER = "$(TEST_HOST)";
				CODE_SIGN_STYLE = Automatic;
				INFOPLIST_FILE = gitDemoTests/Info.plist;
				LD_RUNPATH_SEARCH_PATHS = "$(inherited) @executable_path/Frameworks @loader_path/Frameworks";
				PRODUCT_BUNDLE_IDENTIFIER = com.DreIndustries.gitDemoTests;
				PRODUCT_NAME = "$(TARGET_NAME)";
				SWIFT_VERSION = 4.0;
				TARGETED_DEVICE_FAMILY = "1,2";
				TEST_HOST = "$(BUILT_PRODUCTS_DIR)/gitDemo.app/gitDemo";
			};
			name = Release;
		};
		A8E82BA21FD9B3B4006983D8 /* Debug */ = {
			isa = XCBuildConfiguration;
			buildSettings = {
				ALWAYS_EMBED_SWIFT_STANDARD_LIBRARIES = YES;
				CODE_SIGN_STYLE = Automatic;
				INFOPLIST_FILE = gitDemoUITests/Info.plist;
				LD_RUNPATH_SEARCH_PATHS = "$(inherited) @executable_path/Frameworks @loader_path/Frameworks";
				PRODUCT_BUNDLE_IDENTIFIER = com.DreIndustries.gitDemoUITests;
				PRODUCT_NAME = "$(TARGET_NAME)";
				SWIFT_VERSION = 4.0;
				TARGETED_DEVICE_FAMILY = "1,2";
				TEST_TARGET_NAME = gitDemo;
			};
			name = Debug;
		};
		A8E82BA31FD9B3B4006983D8 /* Release */ = {
			isa = XCBuildConfiguration;
			buildSettings = {
				ALWAYS_EMBED_SWIFT_STANDARD_LIBRARIES = YES;
				CODE_SIGN_STYLE = Automatic;
				INFOPLIST_FILE = gitDemoUITests/Info.plist;
				LD_RUNPATH_SEARCH_PATHS = "$(inherited) @executable_path/Frameworks @loader_path/Frameworks";
				PRODUCT_BUNDLE_IDENTIFIER = com.DreIndustries.gitDemoUITests;
				PRODUCT_NAME = "$(TARGET_NAME)";
				SWIFT_VERSION = 4.0;
				TARGETED_DEVICE_FAMILY = "1,2";
				TEST_TARGET_NAME = gitDemo;
			};
			name = Release;
		};
/* End XCBuildConfiguration section */

/* Begin XCConfigurationList section */
		A8E82B6E1FD9B3B4006983D8 /* Build configuration list for PBXProject "gitDemo" */ = {
			isa = XCConfigurationList;
			buildConfigurations = (
				A8E82B991FD9B3B4006983D8 /* Debug */,
				A8E82B9A1FD9B3B4006983D8 /* Release */,
			);
			defaultConfigurationIsVisible = 0;
			defaultConfigurationName = Release;
		};
		A8E82B9B1FD9B3B4006983D8 /* Build configuration list for PBXNativeTarget "gitDemo" */ = {
			isa = XCConfigurationList;
			buildConfigurations = (
				A8E82B9C1FD9B3B4006983D8 /* Debug */,
				A8E82B9D1FD9B3B4006983D8 /* Release */,
			);
			defaultConfigurationIsVisible = 0;
			defaultConfigurationName = Release;
		};
		A8E82B9E1FD9B3B4006983D8 /* Build configuration list for PBXNativeTarget "gitDemoTests" */ = {
			isa = XCConfigurationList;
			buildConfigurations = (
				A8E82B9F1FD9B3B4006983D8 /* Debug */,
				A8E82BA01FD9B3B4006983D8 /* Release */,
			);
			defaultConfigurationIsVisible = 0;
			defaultConfigurationName = Release;
		};
		A8E82BA11FD9B3B4006983D8 /* Build configuration list for PBXNativeTarget "gitDemoUITests" */ = {
			isa = XCConfigurationList;
			buildConfigurations = (
				A8E82BA21FD9B3B4006983D8 /* Debug */,
				A8E82BA31FD9B3B4006983D8 /* Release */,
			);
			defaultConfigurationIsVisible = 0;
			defaultConfigurationName = Release;
		};
/* End XCConfigurationList section */
	};
	rootObject = A8E82B6B1FD9B3B4006983D8 /* Project object */;
}
